
Microsoft Visual Studio Solution File, Format Version 12.00
# Visual Studio Version 17
VisualStudioVersion = 17.2.32526.322
MinimumVisualStudioVersion = 10.0.40219.1
Project("{FAE04EC0-301F-11D3-BF4B-00C04F79EFBC}") = "Enroll", "Enroll\Enroll.csproj", "{1B65D105-721C-41E2-B683-871716C2EA6E}"
EndProject
Global
	GlobalSection(SolutionConfigurationPlatforms) = preSolution
		Debug|Any CPU = Debug|Any CPU
		Release|Any CPU = Release|Any CPU
	EndGlobalSection
	GlobalSection(ProjectConfigurationPlatforms) = postSolution
		{1B65D105-721C-41E2-B683-871716C2EA6E}.Debug|Any CPU.ActiveCfg = Debug|Any CPU
		{1B65D105-721C-41E2-B683-871716C2EA6E}.Debug|Any CPU.Build.0 = Debug|Any CPU
		{1B65D105-721C-41E2-B683-871716C2EA6E}.Release|Any CPU.ActiveCfg = Release|Any CPU
		{1B65D105-721C-41E2-B683-871716C2EA6E}.Release|Any CPU.Build.0 = Release|Any CPU
	EndGlobalSection
	GlobalSection(SolutionProperties) = preSolution
		HideSolutionNode = FALSE
	EndGlobalSection
	GlobalSection(ExtensibilityGlobals) = postSolution
		SolutionGuid = {E84DE812-EB7F-4579-A86C-5ED789E1FBF0}
	EndGlobalSection
EndGlobal
